{
  "version": 4,
  "terraform_version": "1.9.2",
  "serial": 45,
  "lineage": "84b0cfd7-dd82-100e-5bd0-8fffbff5f7ef",
  "outputs": {
    "vm_ip": {
      "value": {},
      "type": [
        "object",
        {}
      ]
    },
    "vm_nat_ip": {
      "value": {},
      "type": [
        "object",
        {}
      ]
    }
  },
  "resources": [
    {
      "mode": "managed",
      "type": "yandex_vpc_network",
      "name": "network-1",
      "provider": "provider[\"registry.terraform.io/yandex-cloud/yandex\"]",
      "instances": [
        {
          "schema_version": 0,
          "attributes": {
            "created_at": "2025-08-30T13:50:29Z",
            "default_security_group_id": "enpv6pgrdl6j9icsrrat",
            "description": "",
            "folder_id": "b1gouaio02kvamorgkjm",
            "id": "enpg5dkjc7nhcmkegg3j",
            "labels": {},
            "name": "network1",
            "subnet_ids": [
              "e9b7fecndt6755apug35"
            ],
            "timeouts": null
          },
          "sensitive_attributes": [],
          "private": "eyJlMmJmYjczMC1lY2FhLTExZTYtOGY4OC0zNDM2M2JjN2M0YzAiOnsiY3JlYXRlIjo2MDAwMDAwMDAwMCwiZGVsZXRlIjo2MDAwMDAwMDAwMCwidXBkYXRlIjo2MDAwMDAwMDAwMH19"
        }
      ]
    },
    {
      "mode": "managed",
      "type": "yandex_vpc_subnet",
      "name": "subnet-1",
      "provider": "provider[\"registry.terraform.io/yandex-cloud/yandex\"]",
      "instances": [
        {
          "schema_version": 0,
          "attributes": {
            "created_at": "2025-08-30T13:50:32Z",
            "description": "",
            "dhcp_options": [],
            "folder_id": "b1gouaio02kvamorgkjm",
            "id": "e9b7fecndt6755apug35",
            "labels": {},
            "name": "subnet1",
            "network_id": "enpg5dkjc7nhcmkegg3j",
            "route_table_id": "",
            "timeouts": null,
            "v4_cidr_blocks": [
              "192.168.10.0/24"
            ],
            "v6_cidr_blocks": [],
            "zone": "ru-central1-a"
          },
          "sensitive_attributes": [],
          "private": "eyJlMmJmYjczMC1lY2FhLTExZTYtOGY4OC0zNDM2M2JjN2M0YzAiOnsiY3JlYXRlIjoxODAwMDAwMDAwMDAsImRlbGV0ZSI6MTgwMDAwMDAwMDAwLCJ1cGRhdGUiOjE4MDAwMDAwMDAwMH19",
          "dependencies": [
            "yandex_vpc_network.network-1"
          ]
        }
      ]
    }
  ],
  "check_results": null
}
